// !$*UTF8*$!
{
	archiveVersion = 1;
	classes = {
	};
	objectVersion = 50;
	objects = {

/* Begin PBXBuildFile section */
		5F911F6125CA905C00388255 /* LevelManager.cpp in Sources */ = {isa = PBXBuildFile; fileRef = 5F911F6025CA905C00388255 /* LevelManager.cpp */; };
		5F911F6325CA90B000388255 /* LoadLevel.cpp in Sources */ = {isa = PBXBuildFile; fileRef = 5F911F6225CA90B000388255 /* LoadLevel.cpp */; };
		5F911F7025CA937B00388255 /* level4.txt in Resources */ = {isa = PBXBuildFile; fileRef = 5F911F6C25CA937B00388255 /* level4.txt */; };
		5F911F7125CA937B00388255 /* level2.txt in Resources */ = {isa = PBXBuildFile; fileRef = 5F911F6D25CA937B00388255 /* level2.txt */; };
		5F911F7225CA937B00388255 /* level3.txt in Resources */ = {isa = PBXBuildFile; fileRef = 5F911F6E25CA937B00388255 /* level3.txt */; };
		5F911F7525CA947200388255 /* DetectCollisions.cpp in Sources */ = {isa = PBXBuildFile; fileRef = 5F911F7425CA947200388255 /* DetectCollisions.cpp */; };
		5F911F7725CA979A00388255 /* level1.txt in Resources */ = {isa = PBXBuildFile; fileRef = 5F911F7625CA979A00388255 /* level1.txt */; };
		5F911F7A25CA989B00388255 /* SoundManager.cpp in Sources */ = {isa = PBXBuildFile; fileRef = 5F911F7825CA989B00388255 /* SoundManager.cpp */; };
		5FD3732225C77F1E00FAB798 /* ResourcePath.mm in Sources */ = {isa = PBXBuildFile; fileRef = 5FD3732125C77F1E00FAB798 /* ResourcePath.mm */; };
		5FD3732525C77F1E00FAB798 /* main.cpp in Sources */ = {isa = PBXBuildFile; fileRef = 5FD3732425C77F1E00FAB798 /* main.cpp */; };
		5FD3734125C78B5E00FAB798 /* TextureHolder.cpp in Sources */ = {isa = PBXBuildFile; fileRef = 5FD3733F25C78B5E00FAB798 /* TextureHolder.cpp */; };
		5FD3734725C792B000FAB798 /* jump.wav in Resources */ = {isa = PBXBuildFile; fileRef = 5FD3734225C792B000FAB798 /* jump.wav */; };
		5FD3734825C792B000FAB798 /* fire1.wav in Resources */ = {isa = PBXBuildFile; fileRef = 5FD3734325C792B000FAB798 /* fire1.wav */; };
		5FD3734925C792B000FAB798 /* fallinwater.wav in Resources */ = {isa = PBXBuildFile; fileRef = 5FD3734425C792B000FAB798 /* fallinwater.wav */; };
		5FD3734A25C792B000FAB798 /* reachgoal.wav in Resources */ = {isa = PBXBuildFile; fileRef = 5FD3734525C792B000FAB798 /* reachgoal.wav */; };
		5FD3734B25C792B000FAB798 /* fallinfire.wav in Resources */ = {isa = PBXBuildFile; fileRef = 5FD3734625C792B000FAB798 /* fallinfire.wav */; };
		5FD3735025C792C300FAB798 /* bob.png in Resources */ = {isa = PBXBuildFile; fileRef = 5FD3734C25C792C300FAB798 /* bob.png */; };
		5FD3735125C792C300FAB798 /* background.png in Resources */ = {isa = PBXBuildFile; fileRef = 5FD3734D25C792C300FAB798 /* background.png */; };
		5FD3735225C792C300FAB798 /* thomas.png in Resources */ = {isa = PBXBuildFile; fileRef = 5FD3734E25C792C300FAB798 /* thomas.png */; };
		5FD3735325C792C300FAB798 /* tiles_sheet.png in Resources */ = {isa = PBXBuildFile; fileRef = 5FD3734F25C792C300FAB798 /* tiles_sheet.png */; };
		5FD3735625C7939200FAB798 /* Engine.cpp in Sources */ = {isa = PBXBuildFile; fileRef = 5FD3735425C7939200FAB798 /* Engine.cpp */; };
		5FD3735A25C7A92C00FAB798 /* Input.cpp in Sources */ = {isa = PBXBuildFile; fileRef = 5FD3735925C7A92C00FAB798 /* Input.cpp */; };
		5FD3735C25C7AAE900FAB798 /* Update.cpp in Sources */ = {isa = PBXBuildFile; fileRef = 5FD3735B25C7AAE900FAB798 /* Update.cpp */; };
		5FD3735E25C7ABD400FAB798 /* Draw.cpp in Sources */ = {isa = PBXBuildFile; fileRef = 5FD3735D25C7ABD400FAB798 /* Draw.cpp */; };
		5FD3736325C7B9E800FAB798 /* PlayableCharacter.cpp in Sources */ = {isa = PBXBuildFile; fileRef = 5FD3736125C7B9E800FAB798 /* PlayableCharacter.cpp */; };
		5FD3736625C7C0BF00FAB798 /* Thomas.cpp in Sources */ = {isa = PBXBuildFile; fileRef = 5FD3736425C7C0BF00FAB798 /* Thomas.cpp */; };
		5FD3736925C7C53500FAB798 /* Bob.cpp in Sources */ = {isa = PBXBuildFile; fileRef = 5FD3736725C7C53500FAB798 /* Bob.cpp */; };
/* End PBXBuildFile section */

/* Begin PBXFileReference section */
		5F911F5F25CA903100388255 /* LevelManager.hpp */ = {isa = PBXFileReference; fileEncoding = 4; lastKnownFileType = sourcecode.cpp.h; path = LevelManager.hpp; sourceTree = "<group>"; };
		5F911F6025CA905C00388255 /* LevelManager.cpp */ = {isa = PBXFileReference; fileEncoding = 4; lastKnownFileType = sourcecode.cpp.cpp; name = LevelManager.cpp; path = "../../../../Downloads/Beginning-Cpp-Game-Programming-Second-Edition-master/Chapter16/code/LevelManager.cpp"; sourceTree = "<group>"; };
		5F911F6225CA90B000388255 /* LoadLevel.cpp */ = {isa = PBXFileReference; fileEncoding = 4; lastKnownFileType = sourcecode.cpp.cpp; name = LoadLevel.cpp; path = "../../../../Downloads/Beginning-Cpp-Game-Programming-Second-Edition-master/Chapter16/code/LoadLevel.cpp"; sourceTree = "<group>"; };
		5F911F6C25CA937B00388255 /* level4.txt */ = {isa = PBXFileReference; fileEncoding = 4; lastKnownFileType = text; path = level4.txt; sourceTree = "<group>"; };
		5F911F6D25CA937B00388255 /* level2.txt */ = {isa = PBXFileReference; fileEncoding = 4; lastKnownFileType = text; path = level2.txt; sourceTree = "<group>"; };
		5F911F6E25CA937B00388255 /* level3.txt */ = {isa = PBXFileReference; fileEncoding = 4; lastKnownFileType = text; path = level3.txt; sourceTree = "<group>"; };
		5F911F7425CA947200388255 /* DetectCollisions.cpp */ = {isa = PBXFileReference; fileEncoding = 4; lastKnownFileType = sourcecode.cpp.cpp; name = DetectCollisions.cpp; path = "../../../../Downloads/Beginning-Cpp-Game-Programming-Second-Edition-master/Chapter16/code/DetectCollisions.cpp"; sourceTree = "<group>"; };
		5F911F7625CA979A00388255 /* level1.txt */ = {isa = PBXFileReference; fileEncoding = 4; lastKnownFileType = text; path = level1.txt; sourceTree = "<group>"; };
		5F911F7825CA989B00388255 /* SoundManager.cpp */ = {isa = PBXFileReference; lastKnownFileType = sourcecode.cpp.cpp; path = SoundManager.cpp; sourceTree = "<group>"; };
		5F911F7925CA989B00388255 /* SoundManager.hpp */ = {isa = PBXFileReference; lastKnownFileType = sourcecode.cpp.h; path = SoundManager.hpp; sourceTree = "<group>"; };
		5FD3731C25C77F1E00FAB798 /* ThomasWasLate.app */ = {isa = PBXFileReference; explicitFileType = wrapper.application; includeInIndex = 0; path = ThomasWasLate.app; sourceTree = BUILT_PRODUCTS_DIR; };
		5FD3732025C77F1E00FAB798 /* ThomasWasLate-Info.plist */ = {isa = PBXFileReference; lastKnownFileType = text.plist; name = "ThomasWasLate-Info.plist"; path = "/Users/mistyleaf/Desktop/Cpp Games/ThomasWasLate/../ThomasWasLate-Info.plist"; sourceTree = "<absolute>"; };
		5FD3732125C77F1E00FAB798 /* ResourcePath.mm */ = {isa = PBXFileReference; lastKnownFileType = sourcecode.cpp.objcpp; path = ResourcePath.mm; sourceTree = "<group>"; };
		5FD3732325C77F1E00FAB798 /* ResourcePath.hpp */ = {isa = PBXFileReference; lastKnownFileType = sourcecode.cpp.h; path = ResourcePath.hpp; sourceTree = "<group>"; };
		5FD3732425C77F1E00FAB798 /* main.cpp */ = {isa = PBXFileReference; lastKnownFileType = sourcecode.cpp.cpp; path = main.cpp; sourceTree = "<group>"; };
		5FD3733425C77F2D00FAB798 /* ThomasWasLate.entitlements */ = {isa = PBXFileReference; lastKnownFileType = text.plist.entitlements; path = ThomasWasLate.entitlements; sourceTree = "<group>"; };
		5FD3733F25C78B5E00FAB798 /* TextureHolder.cpp */ = {isa = PBXFileReference; lastKnownFileType = sourcecode.cpp.cpp; path = TextureHolder.cpp; sourceTree = "<group>"; };
		5FD3734025C78B5E00FAB798 /* TextureHolder.hpp */ = {isa = PBXFileReference; lastKnownFileType = sourcecode.cpp.h; path = TextureHolder.hpp; sourceTree = "<group>"; };
		5FD3734225C792B000FAB798 /* jump.wav */ = {isa = PBXFileReference; lastKnownFileType = audio.wav; name = jump.wav; path = sound/jump.wav; sourceTree = "<group>"; };
		5FD3734325C792B000FAB798 /* fire1.wav */ = {isa = PBXFileReference; lastKnownFileType = audio.wav; name = fire1.wav; path = sound/fire1.wav; sourceTree = "<group>"; };
		5FD3734425C792B000FAB798 /* fallinwater.wav */ = {isa = PBXFileReference; lastKnownFileType = audio.wav; name = fallinwater.wav; path = sound/fallinwater.wav; sourceTree = "<group>"; };
		5FD3734525C792B000FAB798 /* reachgoal.wav */ = {isa = PBXFileReference; lastKnownFileType = audio.wav; name = reachgoal.wav; path = sound/reachgoal.wav; sourceTree = "<group>"; };
		5FD3734625C792B000FAB798 /* fallinfire.wav */ = {isa = PBXFileReference; lastKnownFileType = audio.wav; name = fallinfire.wav; path = sound/fallinfire.wav; sourceTree = "<group>"; };
		5FD3734C25C792C300FAB798 /* bob.png */ = {isa = PBXFileReference; lastKnownFileType = image.png; name = bob.png; path = graphics/bob.png; sourceTree = "<group>"; };
		5FD3734D25C792C300FAB798 /* background.png */ = {isa = PBXFileReference; lastKnownFileType = image.png; name = background.png; path = graphics/background.png; sourceTree = "<group>"; };
		5FD3734E25C792C300FAB798 /* thomas.png */ = {isa = PBXFileReference; lastKnownFileType = image.png; name = thomas.png; path = graphics/thomas.png; sourceTree = "<group>"; };
		5FD3734F25C792C300FAB798 /* tiles_sheet.png */ = {isa = PBXFileReference; lastKnownFileType = image.png; name = tiles_sheet.png; path = graphics/tiles_sheet.png; sourceTree = "<group>"; };
		5FD3735425C7939200FAB798 /* Engine.cpp */ = {isa = PBXFileReference; lastKnownFileType = sourcecode.cpp.cpp; path = Engine.cpp; sourceTree = "<group>"; };
		5FD3735525C7939200FAB798 /* Engine.hpp */ = {isa = PBXFileReference; lastKnownFileType = sourcecode.cpp.h; path = Engine.hpp; sourceTree = "<group>"; };
		5FD3735925C7A92C00FAB798 /* Input.cpp */ = {isa = PBXFileReference; lastKnownFileType = sourcecode.cpp.cpp; path = Input.cpp; sourceTree = "<group>"; };
		5FD3735B25C7AAE900FAB798 /* Update.cpp */ = {isa = PBXFileReference; lastKnownFileType = sourcecode.cpp.cpp; path = Update.cpp; sourceTree = "<group>"; };
		5FD3735D25C7ABD400FAB798 /* Draw.cpp */ = {isa = PBXFileReference; lastKnownFileType = sourcecode.cpp.cpp; path = Draw.cpp; sourceTree = "<group>"; };
		5FD3736025C7B58600FAB798 /* PlayableCharacter.hpp */ = {isa = PBXFileReference; lastKnownFileType = sourcecode.cpp.h; path = PlayableCharacter.hpp; sourceTree = SOURCE_ROOT; };
		5FD3736125C7B9E800FAB798 /* PlayableCharacter.cpp */ = {isa = PBXFileReference; lastKnownFileType = sourcecode.cpp.cpp; path = PlayableCharacter.cpp; sourceTree = "<group>"; };
		5FD3736425C7C0BF00FAB798 /* Thomas.cpp */ = {isa = PBXFileReference; lastKnownFileType = sourcecode.cpp.cpp; path = Thomas.cpp; sourceTree = "<group>"; };
		5FD3736525C7C0BF00FAB798 /* Thomas.hpp */ = {isa = PBXFileReference; lastKnownFileType = sourcecode.cpp.h; path = Thomas.hpp; sourceTree = "<group>"; };
		5FD3736725C7C53500FAB798 /* Bob.cpp */ = {isa = PBXFileReference; lastKnownFileType = sourcecode.cpp.cpp; path = Bob.cpp; sourceTree = "<group>"; };
		5FD3736825C7C53500FAB798 /* Bob.hpp */ = {isa = PBXFileReference; lastKnownFileType = sourcecode.cpp.h; path = Bob.hpp; sourceTree = "<group>"; };
/* End PBXFileReference section */

/* Begin PBXFrameworksBuildPhase section */
		5FD3731825C77F1E00FAB798 /* Frameworks */ = {
			isa = PBXFrameworksBuildPhase;
			buildActionMask = 2147483647;
			files = (
			);
			runOnlyForDeploymentPostprocessing = 0;
		};
/* End PBXFrameworksBuildPhase section */

/* Begin PBXGroup section */
		5FD3731225C77F1E00FAB798 = {
			isa = PBXGroup;
			children = (
				5FD3731E25C77F1E00FAB798 /* ThomasWasLate */,
				5FD3731D25C77F1E00FAB798 /* Products */,
			);
			sourceTree = "<group>";
		};
		5FD3731D25C77F1E00FAB798 /* Products */ = {
			isa = PBXGroup;
			children = (
				5FD3731C25C77F1E00FAB798 /* ThomasWasLate.app */,
			);
			name = Products;
			sourceTree = "<group>";
		};
		5FD3731E25C77F1E00FAB798 /* ThomasWasLate */ = {
			isa = PBXGroup;
			children = (
				5F911F7825CA989B00388255 /* SoundManager.cpp */,
				5FD3732125C77F1E00FAB798 /* ResourcePath.mm */,
				5FD3735525C7939200FAB798 /* Engine.hpp */,
				5FD3736025C7B58600FAB798 /* PlayableCharacter.hpp */,
				5FD3736825C7C53500FAB798 /* Bob.hpp */,
				5FD3736525C7C0BF00FAB798 /* Thomas.hpp */,
				5FD3732325C77F1E00FAB798 /* ResourcePath.hpp */,
				5F911F5F25CA903100388255 /* LevelManager.hpp */,
				5FD3734025C78B5E00FAB798 /* TextureHolder.hpp */,
				5FD3733425C77F2D00FAB798 /* ThomasWasLate.entitlements */,
				5F911F7925CA989B00388255 /* SoundManager.hpp */,
				5F911F7425CA947200388255 /* DetectCollisions.cpp */,
				5F911F6025CA905C00388255 /* LevelManager.cpp */,
				5F911F6225CA90B000388255 /* LoadLevel.cpp */,
				5FD3733F25C78B5E00FAB798 /* TextureHolder.cpp */,
				5FD3735425C7939200FAB798 /* Engine.cpp */,
				5FD3735925C7A92C00FAB798 /* Input.cpp */,
				5FD3735B25C7AAE900FAB798 /* Update.cpp */,
				5FD3735D25C7ABD400FAB798 /* Draw.cpp */,
				5FD3736125C7B9E800FAB798 /* PlayableCharacter.cpp */,
				5FD3736725C7C53500FAB798 /* Bob.cpp */,
				5FD3736425C7C0BF00FAB798 /* Thomas.cpp */,
				5FD3732425C77F1E00FAB798 /* main.cpp */,
				5FD3732625C77F1E00FAB798 /* Resources */,
				5FD3731F25C77F1E00FAB798 /* Supporting Files */,
			);
			path = ThomasWasLate;
			sourceTree = "<group>";
		};
		5FD3731F25C77F1E00FAB798 /* Supporting Files */ = {
			isa = PBXGroup;
			children = (
				5FD3732025C77F1E00FAB798 /* ThomasWasLate-Info.plist */,
			);
			path = "Supporting Files";
			sourceTree = "<group>";
		};
		5FD3732625C77F1E00FAB798 /* Resources */ = {
			isa = PBXGroup;
			children = (
				5F911F7625CA979A00388255 /* level1.txt */,
				5F911F6D25CA937B00388255 /* level2.txt */,
				5F911F6E25CA937B00388255 /* level3.txt */,
				5F911F6C25CA937B00388255 /* level4.txt */,
				5FD3734D25C792C300FAB798 /* background.png */,
				5FD3734C25C792C300FAB798 /* bob.png */,
				5FD3734E25C792C300FAB798 /* thomas.png */,
				5FD3734F25C792C300FAB798 /* tiles_sheet.png */,
				5FD3734625C792B000FAB798 /* fallinfire.wav */,
				5FD3734425C792B000FAB798 /* fallinwater.wav */,
				5FD3734325C792B000FAB798 /* fire1.wav */,
				5FD3734225C792B000FAB798 /* jump.wav */,
				5FD3734525C792B000FAB798 /* reachgoal.wav */,
			);
			path = Resources;
			sourceTree = "<group>";
		};
/* End PBXGroup section */

/* Begin PBXNativeTarget section */
		5FD3731B25C77F1E00FAB798 /* ThomasWasLate */ = {
			isa = PBXNativeTarget;
			buildConfigurationList = 5FD3733125C77F1E00FAB798 /* Build configuration list for PBXNativeTarget "ThomasWasLate" */;
			buildPhases = (
				5FD3731725C77F1E00FAB798 /* Sources */,
				5FD3731825C77F1E00FAB798 /* Frameworks */,
				5FD3731925C77F1E00FAB798 /* Resources */,
				5FD3731A25C77F1E00FAB798 /* ShellScript */,
			);
			buildRules = (
			);
			dependencies = (
			);
			name = ThomasWasLate;
			productName = ThomasWasLate;
			productReference = 5FD3731C25C77F1E00FAB798 /* ThomasWasLate.app */;
			productType = "com.apple.product-type.application";
		};
/* End PBXNativeTarget section */

/* Begin PBXProject section */
		5FD3731325C77F1E00FAB798 /* Project object */ = {
			isa = PBXProject;
			attributes = {
				LastUpgradeCheck = 1150;
				ORGANIZATIONNAME = holler;
				TargetAttributes = {
					5FD3731B25C77F1E00FAB798 = {
						CreatedOnToolsVersion = 11.5;
					};
				};
			};
			buildConfigurationList = 5FD3731625C77F1E00FAB798 /* Build configuration list for PBXProject "ThomasWasLate" */;
			compatibilityVersion = "Xcode 9.3";
			developmentRegion = en;
			hasScannedForEncodings = 0;
			knownRegions = (
				en,
				Base,
			);
			mainGroup = 5FD3731225C77F1E00FAB798;
			productRefGroup = 5FD3731D25C77F1E00FAB798 /* Products */;
			projectDirPath = "";
			projectRoot = "";
			targets = (
				5FD3731B25C77F1E00FAB798 /* ThomasWasLate */,
			);
		};
/* End PBXProject section */

/* Begin PBXResourcesBuildPhase section */
		5FD3731925C77F1E00FAB798 /* Resources */ = {
			isa = PBXResourcesBuildPhase;
			buildActionMask = 2147483647;
			files = (
				5F911F7725CA979A00388255 /* level1.txt in Resources */,
				5F911F7025CA937B00388255 /* level4.txt in Resources */,
				5FD3734825C792B000FAB798 /* fire1.wav in Resources */,
				5FD3735225C792C300FAB798 /* thomas.png in Resources */,
				5FD3734725C792B000FAB798 /* jump.wav in Resources */,
				5F911F7125CA937B00388255 /* level2.txt in Resources */,
				5FD3735125C792C300FAB798 /* background.png in Resources */,
				5FD3735325C792C300FAB798 /* tiles_sheet.png in Resources */,
				5F911F7225CA937B00388255 /* level3.txt in Resources */,
				5FD3734B25C792B000FAB798 /* fallinfire.wav in Resources */,
				5FD3735025C792C300FAB798 /* bob.png in Resources */,
				5FD3734925C792B000FAB798 /* fallinwater.wav in Resources */,
				5FD3734A25C792B000FAB798 /* reachgoal.wav in Resources */,
			);
			runOnlyForDeploymentPostprocessing = 0;
		};
/* End PBXResourcesBuildPhase section */

/* Begin PBXShellScriptBuildPhase section */
		5FD3731A25C77F1E00FAB798 /* ShellScript */ = {
			isa = PBXShellScriptBuildPhase;
			buildActionMask = 8;
			files = (
			);
			inputFileListPaths = (
			);
			inputPaths = (
			);
			outputFileListPaths = (
			);
			outputPaths = (
			);
			runOnlyForDeploymentPostprocessing = 1;
			shellPath = /bin/sh;
			shellScript = "# This shell script simply copies required SFML dylibs/frameworks into the application bundle frameworks folder.\n# If you're using static libraries (which is not recommended) you should remove this script from your project.\n\n# SETTINGS\nSFML_DEPENDENCIES_INSTALL_PREFIX=\"/Users/SFML/Desktop/packaging/tmp/install/Library/Frameworks\"\nCMAKE_INSTALL_FRAMEWORK_PREFIX=\"/Users/SFML/Desktop/packaging/tmp/install/Library/Frameworks\"\nCMAKE_INSTALL_LIB_PREFIX=\"/Users/SFML/Desktop/packaging/tmp/install/Library/Frameworks/lib\"\nFRAMEWORKS_FULL_PATH=\"$BUILT_PRODUCTS_DIR/$FRAMEWORKS_FOLDER_PATH/\"\n\n# Are we building a project that uses frameworks or dylibs?\ncase \"$SFML_BINARY_TYPE\" in\n    DYLIBS)\n        frameworks=\"false\"\n        ;;\n    *)\n        frameworks=\"true\"\n        ;;\nesac\n\n# Echoes to stderr\nerror () # $* message to display\n{\n    echo $* 1>&2\n    exit 2\n}\n\nassert () # $1 is a boolean, $2...N is an error message\n{\n    if [ $# -lt 2 ]\n    then\n        error \"Internal error in assert: not enough args\"\n    fi\n\n    if [ $1 -ne 0 ]\n    then\n        shift\n        error \"$*\"\n    fi\n}\n\nforce_remove () # $@ is some paths\n{\n    test $# -ge 1\n    assert $? \"force_remove() requires at least one parameter\"\n    rm -fr $@\n    assert $? \"couldn't remove $@\"\n}\n\ncopy () # $1 is a source, $2 is a destination\n{\n    test $# -eq 2\n    assert $? \"copy() requires two parameters\"\n    ditto \"$1\" \"$2\"\n    assert $? \"couldn't copy $1 to $2\"\n}\n\nrequire () # $1 is a SFML module like 'system' or 'audio'\n{\n    dest=\"$BUILT_PRODUCTS_DIR/$FRAMEWORKS_FOLDER_PATH/\"\n\n    if [ -z \"$1\" ]\n    then\n        error \"require() requires one parameter!\"\n    else\n        # clean potentially old stuff\n        force_remove \"$dest/libsfml-$1\"*\n        force_remove \"$dest/sfml-$1.framework\"\n\n        # copy SFML libraries\n        if [ \"$frameworks\" = \"true\" ]\n        then\n            source=\"$CMAKE_INSTALL_FRAMEWORK_PREFIX/sfml-$1.framework\"\n            target=\"sfml-$1.framework\"\n        elif [ \"$SFML_LINK_DYLIBS_SUFFIX\" = \"-d\" ]\n        then\n            source=\"$CMAKE_INSTALL_LIB_PREFIX/libsfml-$1-d.dylib\"\n            target=\"`readlink $source`\"\n        else\n            source=\"$CMAKE_INSTALL_LIB_PREFIX/libsfml-$1.dylib\"\n            target=\"`readlink $source`\"\n        fi\n\n        copy \"$source\" \"$dest/$target\"\n\n        # copy extra dependencies\n        if [ \"$1\" = \"audio\" ]\n        then\n            # copy \"FLAC\" \"ogg\" \"vorbis\" \"vorbisenc\" \"vorbisfile\" \"OpenAL\" frameworks too\n            for f in \"FLAC\" \"ogg\" \"vorbis\" \"vorbisenc\" \"vorbisfile\" \"OpenAL\"\n            do\n                copy \"$SFML_DEPENDENCIES_INSTALL_PREFIX/$f.framework\" \"$dest/$f.framework\"\n            done\n        elif [ \"$1\" = \"graphics\" ]\n        then\n            copy \"$SFML_DEPENDENCIES_INSTALL_PREFIX/freetype.framework\" \"$dest/freetype.framework\"\n        fi\n    fi\n}\n\nif [ -n \"$SFML_SYSTEM\" ]\nthen\n    require \"system\"\nfi\n\nif [ -n \"$SFML_AUDIO\" ]\nthen\n    require \"audio\"\nfi\n\nif [ -n \"$SFML_NETWORK\" ]\nthen\n    require \"network\"\nfi\n\nif [ -n \"$SFML_WINDOW\" ]\nthen\n    require \"window\"\nfi\n\nif [ -n \"$SFML_GRAPHICS\" ]\nthen\n    require \"graphics\"\nfi\n\n                \n";
		};
/* End PBXShellScriptBuildPhase section */

/* Begin PBXSourcesBuildPhase section */
		5FD3731725C77F1E00FAB798 /* Sources */ = {
			isa = PBXSourcesBuildPhase;
			buildActionMask = 2147483647;
			files = (
				5FD3734125C78B5E00FAB798 /* TextureHolder.cpp in Sources */,
				5FD3736925C7C53500FAB798 /* Bob.cpp in Sources */,
				5FD3735625C7939200FAB798 /* Engine.cpp in Sources */,
				5FD3736625C7C0BF00FAB798 /* Thomas.cpp in Sources */,
				5FD3732525C77F1E00FAB798 /* main.cpp in Sources */,
				5F911F6125CA905C00388255 /* LevelManager.cpp in Sources */,
				5F911F6325CA90B000388255 /* LoadLevel.cpp in Sources */,
				5FD3735E25C7ABD400FAB798 /* Draw.cpp in Sources */,
				5FD3732225C77F1E00FAB798 /* ResourcePath.mm in Sources */,
				5FD3736325C7B9E800FAB798 /* PlayableCharacter.cpp in Sources */,
				5FD3735C25C7AAE900FAB798 /* Update.cpp in Sources */,
				5F911F7A25CA989B00388255 /* SoundManager.cpp in Sources */,
				5F911F7525CA947200388255 /* DetectCollisions.cpp in Sources */,
				5FD3735A25C7A92C00FAB798 /* Input.cpp in Sources */,
			);
			runOnlyForDeploymentPostprocessing = 0;
		};
/* End PBXSourcesBuildPhase section */

/* Begin XCBuildConfiguration section */
		5FD3732F25C77F1E00FAB798 /* Debug */ = {
			isa = XCBuildConfiguration;
			buildSettings = {
				ARCHS = "$(NATIVE_ARCH_ACTUAL)";
				CLANG_CXX_LANGUAGE_STANDARD = "c++11";
				CLANG_CXX_LIBRARY = "libc++";
				FRAMEWORK_SEARCH_PATHS = (
					/Library/Frameworks/,
					"$(inherited)",
				);
				GCC_VERSION = com.apple.compilers.llvm.clang.1_0;
				HEADER_SEARCH_PATHS = (
					/usr/local/include/,
					"$(inherited)",
				);
				LIBRARY_SEARCH_PATHS = (
					/usr/local/lib/,
					"$(inherited)",
				);
				MACOSX_DEPLOYMENT_TARGET = 10.7;
				OTHER_LDFLAGS = (
					"$(inherited)",
					"$(SFML_SYSTEM)",
					"$(SFML_WINDOW)",
					"$(SFML_GRAPHICS)",
					"$(SFML_AUDIO)",
					"$(SFML_NETWORK)",
				);
				SFML_AUDIO = "$(SFML_LINK_PREFIX) sfml-audio$(SFML_LINK_SUFFIX)";
				SFML_BINARY_TYPE = FRAMEWORKS;
				SFML_GRAPHICS = "$(SFML_LINK_PREFIX) sfml-graphics$(SFML_LINK_SUFFIX)";
				SFML_LINK_DYLIBS_PREFIX = "-l";
				SFML_LINK_DYLIBS_SUFFIX = "";
				SFML_LINK_FRAMEWORKS_PREFIX = "-framework";
				SFML_LINK_FRAMEWORKS_SUFFIX = "";
				SFML_LINK_PREFIX = "$(SFML_LINK_$(SFML_BINARY_TYPE)_PREFIX)";
				SFML_LINK_SUFFIX = "$(SFML_LINK_$(SFML_BINARY_TYPE)_SUFFIX)";
				SFML_NETWORK = "$(SFML_LINK_PREFIX) sfml-network$(SFML_LINK_SUFFIX)";
				SFML_SYSTEM = "$(SFML_LINK_PREFIX) sfml-system$(SFML_LINK_SUFFIX)";
				SFML_WINDOW = "$(SFML_LINK_PREFIX) sfml-window$(SFML_LINK_SUFFIX)";
				SUPPORTED_PLATFORMS = macosx;
			};
			name = Debug;
		};
		5FD3733025C77F1E00FAB798 /* Release */ = {
			isa = XCBuildConfiguration;
			buildSettings = {
				ARCHS = "$(NATIVE_ARCH_ACTUAL)";
				CLANG_CXX_LANGUAGE_STANDARD = "c++11";
				CLANG_CXX_LIBRARY = "libc++";
				FRAMEWORK_SEARCH_PATHS = (
					/Library/Frameworks/,
					"$(inherited)",
				);
				GCC_VERSION = com.apple.compilers.llvm.clang.1_0;
				HEADER_SEARCH_PATHS = (
					/usr/local/include/,
					"$(inherited)",
				);
				LIBRARY_SEARCH_PATHS = (
					/usr/local/lib/,
					"$(inherited)",
				);
				MACOSX_DEPLOYMENT_TARGET = 10.7;
				OTHER_LDFLAGS = (
					"$(inherited)",
					"$(SFML_SYSTEM)",
					"$(SFML_WINDOW)",
					"$(SFML_GRAPHICS)",
					"$(SFML_AUDIO)",
					"$(SFML_NETWORK)",
				);
				SFML_AUDIO = "$(SFML_LINK_PREFIX) sfml-audio$(SFML_LINK_SUFFIX)";
				SFML_BINARY_TYPE = FRAMEWORKS;
				SFML_GRAPHICS = "$(SFML_LINK_PREFIX) sfml-graphics$(SFML_LINK_SUFFIX)";
				SFML_LINK_DYLIBS_PREFIX = "-l";
				SFML_LINK_DYLIBS_SUFFIX = "";
				SFML_LINK_FRAMEWORKS_PREFIX = "-framework";
				SFML_LINK_FRAMEWORKS_SUFFIX = "";
				SFML_LINK_PREFIX = "$(SFML_LINK_$(SFML_BINARY_TYPE)_PREFIX)";
				SFML_LINK_SUFFIX = "$(SFML_LINK_$(SFML_BINARY_TYPE)_SUFFIX)";
				SFML_NETWORK = "$(SFML_LINK_PREFIX) sfml-network$(SFML_LINK_SUFFIX)";
				SFML_SYSTEM = "$(SFML_LINK_PREFIX) sfml-system$(SFML_LINK_SUFFIX)";
				SFML_WINDOW = "$(SFML_LINK_PREFIX) sfml-window$(SFML_LINK_SUFFIX)";
				SUPPORTED_PLATFORMS = macosx;
			};
			name = Release;
		};
		5FD3733225C77F1E00FAB798 /* Debug */ = {
			isa = XCBuildConfiguration;
			buildSettings = {
				CODE_SIGN_ENTITLEMENTS = ThomasWasLate/ThomasWasLate.entitlements;
				CODE_SIGN_STYLE = Automatic;
				DEVELOPMENT_TEAM = SKFJ75B47U;
				ENABLE_HARDENED_RUNTIME = YES;
				INFOPLIST_FILE = "ThomasWasLate/ThomasWasLate-Info.plist";
				LD_RUNPATH_SEARCH_PATHS = "@loader_path/../Frameworks";
				PRODUCT_NAME = "$(TARGET_NAME)";
			};
			name = Debug;
		};
		5FD3733325C77F1E00FAB798 /* Release */ = {
			isa = XCBuildConfiguration;
			buildSettings = {
				CODE_SIGN_ENTITLEMENTS = ThomasWasLate/ThomasWasLate.entitlements;
				CODE_SIGN_STYLE = Automatic;
				DEVELOPMENT_TEAM = SKFJ75B47U;
				ENABLE_HARDENED_RUNTIME = YES;
				INFOPLIST_FILE = "ThomasWasLate/ThomasWasLate-Info.plist";
				LD_RUNPATH_SEARCH_PATHS = "@loader_path/../Frameworks";
				PRODUCT_NAME = "$(TARGET_NAME)";
			};
			name = Release;
		};
/* End XCBuildConfiguration section */

/* Begin XCConfigurationList section */
		5FD3731625C77F1E00FAB798 /* Build configuration list for PBXProject "ThomasWasLate" */ = {
			isa = XCConfigurationList;
			buildConfigurations = (
				5FD3732F25C77F1E00FAB798 /* Debug */,
				5FD3733025C77F1E00FAB798 /* Release */,
			);
			defaultConfigurationIsVisible = 0;
			defaultConfigurationName = Release;
		};
		5FD3733125C77F1E00FAB798 /* Build configuration list for PBXNativeTarget "ThomasWasLate" */ = {
			isa = XCConfigurationList;
			buildConfigurations = (
				5FD3733225C77F1E00FAB798 /* Debug */,
				5FD3733325C77F1E00FAB798 /* Release */,
			);
			defaultConfigurationIsVisible = 0;
			defaultConfigurationName = Release;
		};
/* End XCConfigurationList section */
	};
	rootObject = 5FD3731325C77F1E00FAB798 /* Project object */;
}
